// !$*UTF8*$!
{
	archiveVersion = 1;
	classes = {
	};
	objectVersion = 50;
	objects = {

/* Begin PBXBuildFile section */
		01D1EDE3D9279832E9DAAEBB /* Pods_RewardTrackerTests.framework in Frameworks */ = {isa = PBXBuildFile; fileRef = F04C3A931729C3D709AA8BF4 /* Pods_RewardTrackerTests.framework */; };
		088F820D38C3F34874FBD7C4 /* Pods_RewardTracker.framework in Frameworks */ = {isa = PBXBuildFile; fileRef = E4A48FF045ACFB385FB9979D /* Pods_RewardTracker.framework */; };
		4ADE3C02265EAE76002E5E4C /* AppDelegate.swift in Sources */ = {isa = PBXBuildFile; fileRef = 4ADE3C01265EAE76002E5E4C /* AppDelegate.swift */; };
		4ADE3C04265EAE76002E5E4C /* SceneDelegate.swift in Sources */ = {isa = PBXBuildFile; fileRef = 4ADE3C03265EAE76002E5E4C /* SceneDelegate.swift */; };
		4ADE3C06265EAE76002E5E4C /* ViewController.swift in Sources */ = {isa = PBXBuildFile; fileRef = 4ADE3C05265EAE76002E5E4C /* ViewController.swift */; };
		4ADE3C09265EAE76002E5E4C /* Main.storyboard in Resources */ = {isa = PBXBuildFile; fileRef = 4ADE3C07265EAE76002E5E4C /* Main.storyboard */; };
		4ADE3C0B265EAE77002E5E4C /* Assets.xcassets in Resources */ = {isa = PBXBuildFile; fileRef = 4ADE3C0A265EAE77002E5E4C /* Assets.xcassets */; };
		4ADE3C0E265EAE77002E5E4C /* LaunchScreen.storyboard in Resources */ = {isa = PBXBuildFile; fileRef = 4ADE3C0C265EAE77002E5E4C /* LaunchScreen.storyboard */; };
		4ADE3C19265EAE77002E5E4C /* RewardTrackerTests.swift in Sources */ = {isa = PBXBuildFile; fileRef = 4ADE3C18265EAE77002E5E4C /* RewardTrackerTests.swift */; };
		4ADE3C24265EAE77002E5E4C /* RewardTrackerUITests.swift in Sources */ = {isa = PBXBuildFile; fileRef = 4ADE3C23265EAE77002E5E4C /* RewardTrackerUITests.swift */; };
		7C7704642B14D3DC93F43AAA /* Pods_RewardTracker_RewardTrackerUITests.framework in Frameworks */ = {isa = PBXBuildFile; fileRef = 5DD9F5E9CE654154F8CE12A8 /* Pods_RewardTracker_RewardTrackerUITests.framework */; };
/* End PBXBuildFile section */

/* Begin PBXContainerItemProxy section */
		4ADE3C15265EAE77002E5E4C /* PBXContainerItemProxy */ = {
			isa = PBXContainerItemProxy;
			containerPortal = 4ADE3BF6265EAE76002E5E4C /* Project object */;
			proxyType = 1;
			remoteGlobalIDString = 4ADE3BFD265EAE76002E5E4C;
			remoteInfo = RewardTracker;
		};
		4ADE3C20265EAE77002E5E4C /* PBXContainerItemProxy */ = {
			isa = PBXContainerItemProxy;
			containerPortal = 4ADE3BF6265EAE76002E5E4C /* Project object */;
			proxyType = 1;
			remoteGlobalIDString = 4ADE3BFD265EAE76002E5E4C;
			remoteInfo = RewardTracker;
		};
/* End PBXContainerItemProxy section */

/* Begin PBXFileReference section */
		0C8F978B3CD696EED8B53CF5 /* Pods-RewardTracker-RewardTrackerUITests.release.xcconfig */ = {isa = PBXFileReference; includeInIndex = 1; lastKnownFileType = text.xcconfig; name = "Pods-RewardTracker-RewardTrackerUITests.release.xcconfig"; path = "Target Support Files/Pods-RewardTracker-RewardTrackerUITests/Pods-RewardTracker-RewardTrackerUITests.release.xcconfig"; sourceTree = "<group>"; };
		2B75F0C1B47E41DA6B05D474 /* Pods-RewardTrackerTests.debug.xcconfig */ = {isa = PBXFileReference; includeInIndex = 1; lastKnownFileType = text.xcconfig; name = "Pods-RewardTrackerTests.debug.xcconfig"; path = "Target Support Files/Pods-RewardTrackerTests/Pods-RewardTrackerTests.debug.xcconfig"; sourceTree = "<group>"; };
		35992A57AF1905065E0A2DCA /* Pods-RewardTracker.release.xcconfig */ = {isa = PBXFileReference; includeInIndex = 1; lastKnownFileType = text.xcconfig; name = "Pods-RewardTracker.release.xcconfig"; path = "Target Support Files/Pods-RewardTracker/Pods-RewardTracker.release.xcconfig"; sourceTree = "<group>"; };
		4ADE3BFE265EAE76002E5E4C /* RewardTracker.app */ = {isa = PBXFileReference; explicitFileType = wrapper.application; includeInIndex = 0; path = RewardTracker.app; sourceTree = BUILT_PRODUCTS_DIR; };
		4ADE3C01265EAE76002E5E4C /* AppDelegate.swift */ = {isa = PBXFileReference; lastKnownFileType = sourcecode.swift; path = AppDelegate.swift; sourceTree = "<group>"; };
		4ADE3C03265EAE76002E5E4C /* SceneDelegate.swift */ = {isa = PBXFileReference; lastKnownFileType = sourcecode.swift; path = SceneDelegate.swift; sourceTree = "<group>"; };
		4ADE3C05265EAE76002E5E4C /* ViewController.swift */ = {isa = PBXFileReference; lastKnownFileType = sourcecode.swift; path = ViewController.swift; sourceTree = "<group>"; };
		4ADE3C08265EAE76002E5E4C /* Base */ = {isa = PBXFileReference; lastKnownFileType = file.storyboard; name = Base; path = Base.lproj/Main.storyboard; sourceTree = "<group>"; };
		4ADE3C0A265EAE77002E5E4C /* Assets.xcassets */ = {isa = PBXFileReference; lastKnownFileType = folder.assetcatalog; path = Assets.xcassets; sourceTree = "<group>"; };
		4ADE3C0D265EAE77002E5E4C /* Base */ = {isa = PBXFileReference; lastKnownFileType = file.storyboard; name = Base; path = Base.lproj/LaunchScreen.storyboard; sourceTree = "<group>"; };
		4ADE3C0F265EAE77002E5E4C /* Info.plist */ = {isa = PBXFileReference; lastKnownFileType = text.plist.xml; path = Info.plist; sourceTree = "<group>"; };
		4ADE3C14265EAE77002E5E4C /* RewardTrackerTests.xctest */ = {isa = PBXFileReference; explicitFileType = wrapper.cfbundle; includeInIndex = 0; path = RewardTrackerTests.xctest; sourceTree = BUILT_PRODUCTS_DIR; };
		4ADE3C18265EAE77002E5E4C /* RewardTrackerTests.swift */ = {isa = PBXFileReference; lastKnownFileType = sourcecode.swift; path = RewardTrackerTests.swift; sourceTree = "<group>"; };
		4ADE3C1A265EAE77002E5E4C /* Info.plist */ = {isa = PBXFileReference; lastKnownFileType = text.plist.xml; path = Info.plist; sourceTree = "<group>"; };
		4ADE3C1F265EAE77002E5E4C /* RewardTrackerUITests.xctest */ = {isa = PBXFileReference; explicitFileType = wrapper.cfbundle; includeInIndex = 0; path = RewardTrackerUITests.xctest; sourceTree = BUILT_PRODUCTS_DIR; };
		4ADE3C23265EAE77002E5E4C /* RewardTrackerUITests.swift */ = {isa = PBXFileReference; lastKnownFileType = sourcecode.swift; path = RewardTrackerUITests.swift; sourceTree = "<group>"; };
		4ADE3C25265EAE77002E5E4C /* Info.plist */ = {isa = PBXFileReference; lastKnownFileType = text.plist.xml; path = Info.plist; sourceTree = "<group>"; };
		5DD9F5E9CE654154F8CE12A8 /* Pods_RewardTracker_RewardTrackerUITests.framework */ = {isa = PBXFileReference; explicitFileType = wrapper.framework; includeInIndex = 0; path = Pods_RewardTracker_RewardTrackerUITests.framework; sourceTree = BUILT_PRODUCTS_DIR; };
		6B5439BA6F032F0AC86D7723 /* Pods-RewardTracker.debug.xcconfig */ = {isa = PBXFileReference; includeInIndex = 1; lastKnownFileType = text.xcconfig; name = "Pods-RewardTracker.debug.xcconfig"; path = "Target Support Files/Pods-RewardTracker/Pods-RewardTracker.debug.xcconfig"; sourceTree = "<group>"; };
		773D1E2D6701ED4DE31DF942 /* Pods-RewardTrackerTests.release.xcconfig */ = {isa = PBXFileReference; includeInIndex = 1; lastKnownFileType = text.xcconfig; name = "Pods-RewardTrackerTests.release.xcconfig"; path = "Target Support Files/Pods-RewardTrackerTests/Pods-RewardTrackerTests.release.xcconfig"; sourceTree = "<group>"; };
		C5FD71F9361A36D92836F075 /* Pods-RewardTracker-RewardTrackerUITests.debug.xcconfig */ = {isa = PBXFileReference; includeInIndex = 1; lastKnownFileType = text.xcconfig; name = "Pods-RewardTracker-RewardTrackerUITests.debug.xcconfig"; path = "Target Support Files/Pods-RewardTracker-RewardTrackerUITests/Pods-RewardTracker-RewardTrackerUITests.debug.xcconfig"; sourceTree = "<group>"; };
		E4A48FF045ACFB385FB9979D /* Pods_RewardTracker.framework */ = {isa = PBXFileReference; explicitFileType = wrapper.framework; includeInIndex = 0; path = Pods_RewardTracker.framework; sourceTree = BUILT_PRODUCTS_DIR; };
		F04C3A931729C3D709AA8BF4 /* Pods_RewardTrackerTests.framework */ = {isa = PBXFileReference; explicitFileType = wrapper.framework; includeInIndex = 0; path = Pods_RewardTrackerTests.framework; sourceTree = BUILT_PRODUCTS_DIR; };
/* End PBXFileReference section */

/* Begin PBXFrameworksBuildPhase section */
		4ADE3BFB265EAE76002E5E4C /* Frameworks */ = {
			isa = PBXFrameworksBuildPhase;
			buildActionMask = 2147483647;
			files = (
				088F820D38C3F34874FBD7C4 /* Pods_RewardTracker.framework in Frameworks */,
			);
			runOnlyForDeploymentPostprocessing = 0;
		};
		4ADE3C11265EAE77002E5E4C /* Frameworks */ = {
			isa = PBXFrameworksBuildPhase;
			buildActionMask = 2147483647;
			files = (
				01D1EDE3D9279832E9DAAEBB /* Pods_RewardTrackerTests.framework in Frameworks */,
			);
			runOnlyForDeploymentPostprocessing = 0;
		};
		4ADE3C1C265EAE77002E5E4C /* Frameworks */ = {
			isa = PBXFrameworksBuildPhase;
			buildActionMask = 2147483647;
			files = (
				7C7704642B14D3DC93F43AAA /* Pods_RewardTracker_RewardTrackerUITests.framework in Frameworks */,
			);
			runOnlyForDeploymentPostprocessing = 0;
		};
/* End PBXFrameworksBuildPhase section */

/* Begin PBXGroup section */
		3F2D18049DC62C9237E707BF /* Pods */ = {
			isa = PBXGroup;
			children = (
				6B5439BA6F032F0AC86D7723 /* Pods-RewardTracker.debug.xcconfig */,
				35992A57AF1905065E0A2DCA /* Pods-RewardTracker.release.xcconfig */,
				C5FD71F9361A36D92836F075 /* Pods-RewardTracker-RewardTrackerUITests.debug.xcconfig */,
				0C8F978B3CD696EED8B53CF5 /* Pods-RewardTracker-RewardTrackerUITests.release.xcconfig */,
				2B75F0C1B47E41DA6B05D474 /* Pods-RewardTrackerTests.debug.xcconfig */,
				773D1E2D6701ED4DE31DF942 /* Pods-RewardTrackerTests.release.xcconfig */,
			);
			name = Pods;
			path = Pods;
			sourceTree = "<group>";
		};
		4ADE3BF5265EAE76002E5E4C = {
			isa = PBXGroup;
			children = (
				4ADE3C00265EAE76002E5E4C /* RewardTracker */,
				4ADE3C17265EAE77002E5E4C /* RewardTrackerTests */,
				4ADE3C22265EAE77002E5E4C /* RewardTrackerUITests */,
				4ADE3BFF265EAE76002E5E4C /* Products */,
				3F2D18049DC62C9237E707BF /* Pods */,
				A68BAEADA92186256313B789 /* Frameworks */,
			);
			sourceTree = "<group>";
		};
		4ADE3BFF265EAE76002E5E4C /* Products */ = {
			isa = PBXGroup;
			children = (
				4ADE3BFE265EAE76002E5E4C /* RewardTracker.app */,
				4ADE3C14265EAE77002E5E4C /* RewardTrackerTests.xctest */,
				4ADE3C1F265EAE77002E5E4C /* RewardTrackerUITests.xctest */,
			);
			name = Products;
			sourceTree = "<group>";
		};
		4ADE3C00265EAE76002E5E4C /* RewardTracker */ = {
			isa = PBXGroup;
			children = (
				4ADE3C0F265EAE77002E5E4C /* Info.plist */,
				4ADE3C38265EAEF0002E5E4C /* SupportingFiles */,
				4ADE3C37265EAEE6002E5E4C /* Networking */,
				4ADE3C36265EAEE0002E5E4C /* Controllers */,
				4ADE3C35265EAED8002E5E4C /* Views */,
				4ADE3C34265EAED2002E5E4C /* Models */,
			);
			path = RewardTracker;
			sourceTree = "<group>";
		};
		4ADE3C17265EAE77002E5E4C /* RewardTrackerTests */ = {
			isa = PBXGroup;
			children = (
				4ADE3C18265EAE77002E5E4C /* RewardTrackerTests.swift */,
				4ADE3C1A265EAE77002E5E4C /* Info.plist */,
			);
			path = RewardTrackerTests;
			sourceTree = "<group>";
		};
		4ADE3C22265EAE77002E5E4C /* RewardTrackerUITests */ = {
			isa = PBXGroup;
			children = (
				4ADE3C23265EAE77002E5E4C /* RewardTrackerUITests.swift */,
				4ADE3C25265EAE77002E5E4C /* Info.plist */,
			);
			path = RewardTrackerUITests;
			sourceTree = "<group>";
		};
		4ADE3C34265EAED2002E5E4C /* Models */ = {
			isa = PBXGroup;
			children = (
			);
			path = Models;
			sourceTree = "<group>";
		};
		4ADE3C35265EAED8002E5E4C /* Views */ = {
			isa = PBXGroup;
			children = (
				4ADE3C07265EAE76002E5E4C /* Main.storyboard */,
			);
			path = Views;
			sourceTree = "<group>";
		};
		4ADE3C36265EAEE0002E5E4C /* Controllers */ = {
			isa = PBXGroup;
			children = (
				4ADE3C05265EAE76002E5E4C /* ViewController.swift */,
			);
			path = Controllers;
			sourceTree = "<group>";
		};
		4ADE3C37265EAEE6002E5E4C /* Networking */ = {
			isa = PBXGroup;
			children = (
			);
			path = Networking;
			sourceTree = "<group>";
		};
		4ADE3C38265EAEF0002E5E4C /* SupportingFiles */ = {
			isa = PBXGroup;
			children = (
				4ADE3C0A265EAE77002E5E4C /* Assets.xcassets */,
				4ADE3C0C265EAE77002E5E4C /* LaunchScreen.storyboard */,
				4ADE3C01265EAE76002E5E4C /* AppDelegate.swift */,
				4ADE3C03265EAE76002E5E4C /* SceneDelegate.swift */,
			);
			path = SupportingFiles;
			sourceTree = "<group>";
		};
		A68BAEADA92186256313B789 /* Frameworks */ = {
			isa = PBXGroup;
			children = (
				E4A48FF045ACFB385FB9979D /* Pods_RewardTracker.framework */,
				5DD9F5E9CE654154F8CE12A8 /* Pods_RewardTracker_RewardTrackerUITests.framework */,
				F04C3A931729C3D709AA8BF4 /* Pods_RewardTrackerTests.framework */,
			);
			name = Frameworks;
			sourceTree = "<group>";
		};
/* End PBXGroup section */

/* Begin PBXNativeTarget section */
		4ADE3BFD265EAE76002E5E4C /* RewardTracker */ = {
			isa = PBXNativeTarget;
			buildConfigurationList = 4ADE3C28265EAE77002E5E4C /* Build configuration list for PBXNativeTarget "RewardTracker" */;
			buildPhases = (
				074D633ABABD5EBD61217F93 /* [CP] Check Pods Manifest.lock */,
				4ADE3BFA265EAE76002E5E4C /* Sources */,
				4ADE3BFB265EAE76002E5E4C /* Frameworks */,
				4ADE3BFC265EAE76002E5E4C /* Resources */,
				0AD7C5D16C8A807871F542B5 /* [CP] Embed Pods Frameworks */,
			);
			buildRules = (
			);
			dependencies = (
			);
			name = RewardTracker;
			productName = RewardTracker;
			productReference = 4ADE3BFE265EAE76002E5E4C /* RewardTracker.app */;
			productType = "com.apple.product-type.application";
		};
		4ADE3C13265EAE77002E5E4C /* RewardTrackerTests */ = {
			isa = PBXNativeTarget;
			buildConfigurationList = 4ADE3C2B265EAE77002E5E4C /* Build configuration list for PBXNativeTarget "RewardTrackerTests" */;
			buildPhases = (
				EB92806B5B10B0FA5779C8A3 /* [CP] Check Pods Manifest.lock */,
				4ADE3C10265EAE77002E5E4C /* Sources */,
				4ADE3C11265EAE77002E5E4C /* Frameworks */,
				4ADE3C12265EAE77002E5E4C /* Resources */,
			);
			buildRules = (
			);
			dependencies = (
				4ADE3C16265EAE77002E5E4C /* PBXTargetDependency */,
			);
			name = RewardTrackerTests;
			productName = RewardTrackerTests;
			productReference = 4ADE3C14265EAE77002E5E4C /* RewardTrackerTests.xctest */;
			productType = "com.apple.product-type.bundle.unit-test";
		};
		4ADE3C1E265EAE77002E5E4C /* RewardTrackerUITests */ = {
			isa = PBXNativeTarget;
			buildConfigurationList = 4ADE3C2E265EAE77002E5E4C /* Build configuration list for PBXNativeTarget "RewardTrackerUITests" */;
			buildPhases = (
				F4C0F321DA5BB090F6BEFE8C /* [CP] Check Pods Manifest.lock */,
				4ADE3C1B265EAE77002E5E4C /* Sources */,
				4ADE3C1C265EAE77002E5E4C /* Frameworks */,
				4ADE3C1D265EAE77002E5E4C /* Resources */,
				FF10E42875D9E1772EB7380B /* [CP] Embed Pods Frameworks */,
			);
			buildRules = (
			);
			dependencies = (
				4ADE3C21265EAE77002E5E4C /* PBXTargetDependency */,
			);
			name = RewardTrackerUITests;
			productName = RewardTrackerUITests;
			productReference = 4ADE3C1F265EAE77002E5E4C /* RewardTrackerUITests.xctest */;
			productType = "com.apple.product-type.bundle.ui-testing";
		};
/* End PBXNativeTarget section */

/* Begin PBXProject section */
		4ADE3BF6265EAE76002E5E4C /* Project object */ = {
			isa = PBXProject;
			attributes = {
				LastSwiftUpdateCheck = 1240;
				LastUpgradeCheck = 1240;
				TargetAttributes = {
					4ADE3BFD265EAE76002E5E4C = {
						CreatedOnToolsVersion = 12.4;
					};
					4ADE3C13265EAE77002E5E4C = {
						CreatedOnToolsVersion = 12.4;
						TestTargetID = 4ADE3BFD265EAE76002E5E4C;
					};
					4ADE3C1E265EAE77002E5E4C = {
						CreatedOnToolsVersion = 12.4;
						TestTargetID = 4ADE3BFD265EAE76002E5E4C;
					};
				};
			};
			buildConfigurationList = 4ADE3BF9265EAE76002E5E4C /* Build configuration list for PBXProject "RewardTracker" */;
			compatibilityVersion = "Xcode 9.3";
			developmentRegion = en;
			hasScannedForEncodings = 0;
			knownRegions = (
				en,
				Base,
			);
			mainGroup = 4ADE3BF5265EAE76002E5E4C;
			productRefGroup = 4ADE3BFF265EAE76002E5E4C /* Products */;
			projectDirPath = "";
			projectRoot = "";
			targets = (
				4ADE3BFD265EAE76002E5E4C /* RewardTracker */,
				4ADE3C13265EAE77002E5E4C /* RewardTrackerTests */,
				4ADE3C1E265EAE77002E5E4C /* RewardTrackerUITests */,
			);
		};
/* End PBXProject section */

/* Begin PBXResourcesBuildPhase section */
		4ADE3BFC265EAE76002E5E4C /* Resources */ = {
			isa = PBXResourcesBuildPhase;
			buildActionMask = 2147483647;
			files = (
				4ADE3C0E265EAE77002E5E4C /* LaunchScreen.storyboard in Resources */,
				4ADE3C0B265EAE77002E5E4C /* Assets.xcassets in Resources */,
				4ADE3C09265EAE76002E5E4C /* Main.storyboard in Resources */,
			);
			runOnlyForDeploymentPostprocessing = 0;
		};
		4ADE3C12265EAE77002E5E4C /* Resources */ = {
			isa = PBXResourcesBuildPhase;
			buildActionMask = 2147483647;
			files = (
			);
			runOnlyForDeploymentPostprocessing = 0;
		};
		4ADE3C1D265EAE77002E5E4C /* Resources */ = {
			isa = PBXResourcesBuildPhase;
			buildActionMask = 2147483647;
			files = (
			);
			runOnlyForDeploymentPostprocessing = 0;
		};
/* End PBXResourcesBuildPhase section */

/* Begin PBXShellScriptBuildPhase section */
		074D633ABABD5EBD61217F93 /* [CP] Check Pods Manifest.lock */ = {
			isa = PBXShellScriptBuildPhase;
			buildActionMask = 2147483647;
			files = (
			);
			inputFileListPaths = (
			);
			inputPaths = (
				"${PODS_PODFILE_DIR_PATH}/Podfile.lock",
				"${PODS_ROOT}/Manifest.lock",
			);
			name = "[CP] Check Pods Manifest.lock";
			outputFileListPaths = (
			);
			outputPaths = (
				"$(DERIVED_FILE_DIR)/Pods-RewardTracker-checkManifestLockResult.txt",
			);
			runOnlyForDeploymentPostprocessing = 0;
			shellPath = /bin/sh;
			shellScript = "diff \"${PODS_PODFILE_DIR_PATH}/Podfile.lock\" \"${PODS_ROOT}/Manifest.lock\" > /dev/null\nif [ $? != 0 ] ; then\n    # print error to STDERR\n    echo \"error: The sandbox is not in sync with the Podfile.lock. Run 'pod install' or update your CocoaPods installation.\" >&2\n    exit 1\nfi\n# This output is used by Xcode 'outputs' to avoid re-running this script phase.\necho \"SUCCESS\" > \"${SCRIPT_OUTPUT_FILE_0}\"\n";
			showEnvVarsInLog = 0;
		};
		0AD7C5D16C8A807871F542B5 /* [CP] Embed Pods Frameworks */ = {
			isa = PBXShellScriptBuildPhase;
			buildActionMask = 2147483647;
			files = (
			);
			inputFileListPaths = (
				"${PODS_ROOT}/Target Support Files/Pods-RewardTracker/Pods-RewardTracker-frameworks-${CONFIGURATION}-input-files.xcfilelist",
			);
			name = "[CP] Embed Pods Frameworks";
			outputFileListPaths = (
				"${PODS_ROOT}/Target Support Files/Pods-RewardTracker/Pods-RewardTracker-frameworks-${CONFIGURATION}-output-files.xcfilelist",
			);
			runOnlyForDeploymentPostprocessing = 0;
			shellPath = /bin/sh;
			shellScript = "\"${PODS_ROOT}/Target Support Files/Pods-RewardTracker/Pods-RewardTracker-frameworks.sh\"\n";
			showEnvVarsInLog = 0;
		};
		EB92806B5B10B0FA5779C8A3 /* [CP] Check Pods Manifest.lock */ = {
			isa = PBXShellScriptBuildPhase;
			buildActionMask = 2147483647;
			files = (
			);
			inputFileListPaths = (
			);
			inputPaths = (
				"${PODS_PODFILE_DIR_PATH}/Podfile.lock",
				"${PODS_ROOT}/Manifest.lock",
			);
			name = "[CP] Check Pods Manifest.lock";
			outputFileListPaths = (
			);
			outputPaths = (
				"$(DERIVED_FILE_DIR)/Pods-RewardTrackerTests-checkManifestLockResult.txt",
			);
			runOnlyForDeploymentPostprocessing = 0;
			shellPath = /bin/sh;
			shellScript = "diff \"${PODS_PODFILE_DIR_PATH}/Podfile.lock\" \"${PODS_ROOT}/Manifest.lock\" > /dev/null\nif [ $? != 0 ] ; then\n    # print error to STDERR\n    echo \"error: The sandbox is not in sync with the Podfile.lock. Run 'pod install' or update your CocoaPods installation.\" >&2\n    exit 1\nfi\n# This output is used by Xcode 'outputs' to avoid re-running this script phase.\necho \"SUCCESS\" > \"${SCRIPT_OUTPUT_FILE_0}\"\n";
			showEnvVarsInLog = 0;
		};
		F4C0F321DA5BB090F6BEFE8C /* [CP] Check Pods Manifest.lock */ = {
			isa = PBXShellScriptBuildPhase;
			buildActionMask = 2147483647;
			files = (
			);
			inputFileListPaths = (
			);
			inputPaths = (
				"${PODS_PODFILE_DIR_PATH}/Podfile.lock",
				"${PODS_ROOT}/Manifest.lock",
			);
			name = "[CP] Check Pods Manifest.lock";
			outputFileListPaths = (
			);
			outputPaths = (
				"$(DERIVED_FILE_DIR)/Pods-RewardTracker-RewardTrackerUITests-checkManifestLockResult.txt",
			);
			runOnlyForDeploymentPostprocessing = 0;
			shellPath = /bin/sh;
			shellScript = "diff \"${PODS_PODFILE_DIR_PATH}/Podfile.lock\" \"${PODS_ROOT}/Manifest.lock\" > /dev/null\nif [ $? != 0 ] ; then\n    # print error to STDERR\n    echo \"error: The sandbox is not in sync with the Podfile.lock. Run 'pod install' or update your CocoaPods installation.\" >&2\n    exit 1\nfi\n# This output is used by Xcode 'outputs' to avoid re-running this script phase.\necho \"SUCCESS\" > \"${SCRIPT_OUTPUT_FILE_0}\"\n";
			showEnvVarsInLog = 0;
		};
		FF10E42875D9E1772EB7380B /* [CP] Embed Pods Frameworks */ = {
			isa = PBXShellScriptBuildPhase;
			buildActionMask = 2147483647;
			files = (
			);
			inputFileListPaths = (
				"${PODS_ROOT}/Target Support Files/Pods-RewardTracker-RewardTrackerUITests/Pods-RewardTracker-RewardTrackerUITests-frameworks-${CONFIGURATION}-input-files.xcfilelist",
			);
			name = "[CP] Embed Pods Frameworks";
			outputFileListPaths = (
				"${PODS_ROOT}/Target Support Files/Pods-RewardTracker-RewardTrackerUITests/Pods-RewardTracker-RewardTrackerUITests-frameworks-${CONFIGURATION}-output-files.xcfilelist",
			);
			runOnlyForDeploymentPostprocessing = 0;
			shellPath = /bin/sh;
			shellScript = "\"${PODS_ROOT}/Target Support Files/Pods-RewardTracker-RewardTrackerUITests/Pods-RewardTracker-RewardTrackerUITests-frameworks.sh\"\n";
			showEnvVarsInLog = 0;
		};
/* End PBXShellScriptBuildPhase section */

/* Begin PBXSourcesBuildPhase section */
		4ADE3BFA265EAE76002E5E4C /* Sources */ = {
			isa = PBXSourcesBuildPhase;
			buildActionMask = 2147483647;
			files = (
				4ADE3C06265EAE76002E5E4C /* ViewController.swift in Sources */,
				4ADE3C02265EAE76002E5E4C /* AppDelegate.swift in Sources */,
				4ADE3C04265EAE76002E5E4C /* SceneDelegate.swift in Sources */,
			);
			runOnlyForDeploymentPostprocessing = 0;
		};
		4ADE3C10265EAE77002E5E4C /* Sources */ = {
			isa = PBXSourcesBuildPhase;
			buildActionMask = 2147483647;
			files = (
				4ADE3C19265EAE77002E5E4C /* RewardTrackerTests.swift in Sources */,
			);
			runOnlyForDeploymentPostprocessing = 0;
		};
		4ADE3C1B265EAE77002E5E4C /* Sources */ = {
			isa = PBXSourcesBuildPhase;
			buildActionMask = 2147483647;
			files = (
				4ADE3C24265EAE77002E5E4C /* RewardTrackerUITests.swift in Sources */,
			);
			runOnlyForDeploymentPostprocessing = 0;
		};
/* End PBXSourcesBuildPhase section */

/* Begin PBXTargetDependency section */
		4ADE3C16265EAE77002E5E4C /* PBXTargetDependency */ = {
			isa = PBXTargetDependency;
			target = 4ADE3BFD265EAE76002E5E4C /* RewardTracker */;
			targetProxy = 4ADE3C15265EAE77002E5E4C /* PBXContainerItemProxy */;
		};
		4ADE3C21265EAE77002E5E4C /* PBXTargetDependency */ = {
			isa = PBXTargetDependency;
			target = 4ADE3BFD265EAE76002E5E4C /* RewardTracker */;
			targetProxy = 4ADE3C20265EAE77002E5E4C /* PBXContainerItemProxy */;
		};
/* End PBXTargetDependency section */

/* Begin PBXVariantGroup section */
		4ADE3C07265EAE76002E5E4C /* Main.storyboard */ = {
			isa = PBXVariantGroup;
			children = (
				4ADE3C08265EAE76002E5E4C /* Base */,
			);
			name = Main.storyboard;
			sourceTree = "<group>";
		};
		4ADE3C0C265EAE77002E5E4C /* LaunchScreen.storyboard */ = {
			isa = PBXVariantGroup;
			children = (
				4ADE3C0D265EAE77002E5E4C /* Base */,
			);
			name = LaunchScreen.storyboard;
			sourceTree = "<group>";
		};
/* End PBXVariantGroup section */

/* Begin XCBuildConfiguration section */
		4ADE3C26265EAE77002E5E4C /* Debug */ = {
			isa = XCBuildConfiguration;
			buildSettings = {
				ALWAYS_SEARCH_USER_PATHS = NO;
				CLANG_ANALYZER_NONNULL = YES;
				CLANG_ANALYZER_NUMBER_OBJECT_CONVERSION = YES_AGGRESSIVE;
				CLANG_CXX_LANGUAGE_STANDARD = "gnu++14";
				CLANG_CXX_LIBRARY = "libc++";
				CLANG_ENABLE_MODULES = YES;
				CLANG_ENABLE_OBJC_ARC = YES;
				CLANG_ENABLE_OBJC_WEAK = YES;
				CLANG_WARN_BLOCK_CAPTURE_AUTORELEASING = YES;
				CLANG_WARN_BOOL_CONVERSION = YES;
				CLANG_WARN_COMMA = YES;
				CLANG_WARN_CONSTANT_CONVERSION = YES;
				CLANG_WARN_DEPRECATED_OBJC_IMPLEMENTATIONS = YES;
				CLANG_WARN_DIRECT_OBJC_ISA_USAGE = YES_ERROR;
				CLANG_WARN_DOCUMENTATION_COMMENTS = YES;
				CLANG_WARN_EMPTY_BODY = YES;
				CLANG_WARN_ENUM_CONVERSION = YES;
				CLANG_WARN_INFINITE_RECURSION = YES;
				CLANG_WARN_INT_CONVERSION = YES;
				CLANG_WARN_NON_LITERAL_NULL_CONVERSION = YES;
				CLANG_WARN_OBJC_IMPLICIT_RETAIN_SELF = YES;
				CLANG_WARN_OBJC_LITERAL_CONVERSION = YES;
				CLANG_WARN_OBJC_ROOT_CLASS = YES_ERROR;
				CLANG_WARN_QUOTED_INCLUDE_IN_FRAMEWORK_HEADER = YES;
				CLANG_WARN_RANGE_LOOP_ANALYSIS = YES;
				CLANG_WARN_STRICT_PROTOTYPES = YES;
				CLANG_WARN_SUSPICIOUS_MOVE = YES;
				CLANG_WARN_UNGUARDED_AVAILABILITY = YES_AGGRESSIVE;
				CLANG_WARN_UNREACHABLE_CODE = YES;
				CLANG_WARN__DUPLICATE_METHOD_MATCH = YES;
				COPY_PHASE_STRIP = NO;
				DEBUG_INFORMATION_FORMAT = dwarf;
				ENABLE_STRICT_OBJC_MSGSEND = YES;
				ENABLE_TESTABILITY = YES;
				GCC_C_LANGUAGE_STANDARD = gnu11;
				GCC_DYNAMIC_NO_PIC = NO;
				GCC_NO_COMMON_BLOCKS = YES;
				GCC_OPTIMIZATION_LEVEL = 0;
				GCC_PREPROCESSOR_DEFINITIONS = (
					"DEBUG=1",
					"$(inherited)",
				);
				GCC_WARN_64_TO_32_BIT_CONVERSION = YES;
				GCC_WARN_ABOUT_RETURN_TYPE = YES_ERROR;
				GCC_WARN_UNDECLARED_SELECTOR = YES;
				GCC_WARN_UNINITIALIZED_AUTOS = YES_AGGRESSIVE;
				GCC_WARN_UNUSED_FUNCTION = YES;
				GCC_WARN_UNUSED_VARIABLE = YES;
				IPHONEOS_DEPLOYMENT_TARGET = 14.4;
				MTL_ENABLE_DEBUG_INFO = INCLUDE_SOURCE;
				MTL_FAST_MATH = YES;
				ONLY_ACTIVE_ARCH = YES;
				SDKROOT = iphoneos;
				SWIFT_ACTIVE_COMPILATION_CONDITIONS = DEBUG;
				SWIFT_OPTIMIZATION_LEVEL = "-Onone";
			};
			name = Debug;
		};
		4ADE3C27265EAE77002E5E4C /* Release */ = {
			isa = XCBuildConfiguration;
			buildSettings = {
				ALWAYS_SEARCH_USER_PATHS = NO;
				CLANG_ANALYZER_NONNULL = YES;
				CLANG_ANALYZER_NUMBER_OBJECT_CONVERSION = YES_AGGRESSIVE;
				CLANG_CXX_LANGUAGE_STANDARD = "gnu++14";
				CLANG_CXX_LIBRARY = "libc++";
				CLANG_ENABLE_MODULES = YES;
				CLANG_ENABLE_OBJC_ARC = YES;
				CLANG_ENABLE_OBJC_WEAK = YES;
				CLANG_WARN_BLOCK_CAPTURE_AUTORELEASING = YES;
				CLANG_WARN_BOOL_CONVERSION = YES;
				CLANG_WARN_COMMA = YES;
				CLANG_WARN_CONSTANT_CONVERSION = YES;
				CLANG_WARN_DEPRECATED_OBJC_IMPLEMENTATIONS = YES;
				CLANG_WARN_DIRECT_OBJC_ISA_USAGE = YES_ERROR;
				CLANG_WARN_DOCUMENTATION_COMMENTS = YES;
				CLANG_WARN_EMPTY_BODY = YES;
				CLANG_WARN_ENUM_CONVERSION = YES;
				CLANG_WARN_INFINITE_RECURSION = YES;
				CLANG_WARN_INT_CONVERSION = YES;
				CLANG_WARN_NON_LITERAL_NULL_CONVERSION = YES;
				CLANG_WARN_OBJC_IMPLICIT_RETAIN_SELF = YES;
				CLANG_WARN_OBJC_LITERAL_CONVERSION = YES;
				CLANG_WARN_OBJC_ROOT_CLASS = YES_ERROR;
				CLANG_WARN_QUOTED_INCLUDE_IN_FRAMEWORK_HEADER = YES;
				CLANG_WARN_RANGE_LOOP_ANALYSIS = YES;
				CLANG_WARN_STRICT_PROTOTYPES = YES;
				CLANG_WARN_SUSPICIOUS_MOVE = YES;
				CLANG_WARN_UNGUARDED_AVAILABILITY = YES_AGGRESSIVE;
				CLANG_WARN_UNREACHABLE_CODE = YES;
				CLANG_WARN__DUPLICATE_METHOD_MATCH = YES;
				COPY_PHASE_STRIP = NO;
				DEBUG_INFORMATION_FORMAT = "dwarf-with-dsym";
				ENABLE_NS_ASSERTIONS = NO;
				ENABLE_STRICT_OBJC_MSGSEND = YES;
				GCC_C_LANGUAGE_STANDARD = gnu11;
				GCC_NO_COMMON_BLOCKS = YES;
				GCC_WARN_64_TO_32_BIT_CONVERSION = YES;
				GCC_WARN_ABOUT_RETURN_TYPE = YES_ERROR;
				GCC_WARN_UNDECLARED_SELECTOR = YES;
				GCC_WARN_UNINITIALIZED_AUTOS = YES_AGGRESSIVE;
				GCC_WARN_UNUSED_FUNCTION = YES;
				GCC_WARN_UNUSED_VARIABLE = YES;
				IPHONEOS_DEPLOYMENT_TARGET = 14.4;
				MTL_ENABLE_DEBUG_INFO = NO;
				MTL_FAST_MATH = YES;
				SDKROOT = iphoneos;
				SWIFT_COMPILATION_MODE = wholemodule;
				SWIFT_OPTIMIZATION_LEVEL = "-O";
				VALIDATE_PRODUCT = YES;
			};
			name = Release;
		};
		4ADE3C29265EAE77002E5E4C /* Debug */ = {
			isa = XCBuildConfiguration;
			baseConfigurationReference = 6B5439BA6F032F0AC86D7723 /* Pods-RewardTracker.debug.xcconfig */;
			buildSettings = {
				ASSETCATALOG_COMPILER_APPICON_NAME = AppIcon;
				ASSETCATALOG_COMPILER_GLOBAL_ACCENT_COLOR_NAME = AccentColor;
				CODE_SIGN_STYLE = Automatic;
				DEVELOPMENT_TEAM = K786J9H4DE;
				INFOPLIST_FILE = RewardTracker/Info.plist;
				LD_RUNPATH_SEARCH_PATHS = (
					"$(inherited)",
					"@executable_path/Frameworks",
				);
				PRODUCT_BUNDLE_IDENTIFIER = com.bass.RewardTracker;
				PRODUCT_NAME = "$(TARGET_NAME)";
				SWIFT_VERSION = 5.0;
				TARGETED_DEVICE_FAMILY = "1,2";
			};
			name = Debug;
		};
		4ADE3C2A265EAE77002E5E4C /* Release */ = {
			isa = XCBuildConfiguration;
			baseConfigurationReference = 35992A57AF1905065E0A2DCA /* Pods-RewardTracker.release.xcconfig */;
			buildSettings = {
				ASSETCATALOG_COMPILER_APPICON_NAME = AppIcon;
				ASSETCATALOG_COMPILER_GLOBAL_ACCENT_COLOR_NAME = AccentColor;
				CODE_SIGN_STYLE = Automatic;
				DEVELOPMENT_TEAM = K786J9H4DE;
				INFOPLIST_FILE = RewardTracker/Info.plist;
				LD_RUNPATH_SEARCH_PATHS = (
					"$(inherited)",
					"@executable_path/Frameworks",
				);
				PRODUCT_BUNDLE_IDENTIFIER = com.bass.RewardTracker;
				PRODUCT_NAME = "$(TARGET_NAME)";
				SWIFT_VERSION = 5.0;
				TARGETED_DEVICE_FAMILY = "1,2";
			};
			name = Release;
		};
		4ADE3C2C265EAE77002E5E4C /* Debug */ = {
			isa = XCBuildConfiguration;
			baseConfigurationReference = 2B75F0C1B47E41DA6B05D474 /* Pods-RewardTrackerTests.debug.xcconfig */;
			buildSettings = {
				ALWAYS_EMBED_SWIFT_STANDARD_LIBRARIES = YES;
				BUNDLE_LOADER = "$(TEST_HOST)";
				CODE_SIGN_STYLE = Automatic;
				DEVELOPMENT_TEAM = K786J9H4DE;
				INFOPLIST_FILE = RewardTrackerTests/Info.plist;
				IPHONEOS_DEPLOYMENT_TARGET = 14.4;
				LD_RUNPATH_SEARCH_PATHS = (
					"$(inherited)",
					"@executable_path/Frameworks",
					"@loader_path/Frameworks",
				);
				PRODUCT_BUNDLE_IDENTIFIER = com.bass.RewardTrackerTests;
				PRODUCT_NAME = "$(TARGET_NAME)";
				SWIFT_VERSION = 5.0;
				TARGETED_DEVICE_FAMILY = "1,2";
				TEST_HOST = "$(BUILT_PRODUCTS_DIR)/RewardTracker.app/RewardTracker";
			};
			name = Debug;
		};
		4ADE3C2D265EAE77002E5E4C /* Release */ = {
			isa = XCBuildConfiguration;
			baseConfigurationReference = 773D1E2D6701ED4DE31DF942 /* Pods-RewardTrackerTests.release.xcconfig */;
			buildSettings = {
				ALWAYS_EMBED_SWIFT_STANDARD_LIBRARIES = YES;
				BUNDLE_LOADER = "$(TEST_HOST)";
				CODE_SIGN_STYLE = Automatic;
				DEVELOPMENT_TEAM = K786J9H4DE;
				INFOPLIST_FILE = RewardTrackerTests/Info.plist;
				IPHONEOS_DEPLOYMENT_TARGET = 14.4;
				LD_RUNPATH_SEARCH_PATHS = (
					"$(inherited)",
					"@executable_path/Frameworks",
					"@loader_path/Frameworks",
				);
				PRODUCT_BUNDLE_IDENTIFIER = com.bass.RewardTrackerTests;
				PRODUCT_NAME = "$(TARGET_NAME)";
				SWIFT_VERSION = 5.0;
				TARGETED_DEVICE_FAMILY = "1,2";
				TEST_HOST = "$(BUILT_PRODUCTS_DIR)/RewardTracker.app/RewardTracker";
			};
			name = Release;
		};
		4ADE3C2F265EAE77002E5E4C /* Debug */ = {
			isa = XCBuildConfiguration;
			baseConfigurationReference = C5FD71F9361A36D92836F075 /* Pods-RewardTracker-RewardTrackerUITests.debug.xcconfig */;
			buildSettings = {
				ALWAYS_EMBED_SWIFT_STANDARD_LIBRARIES = YES;
				CODE_SIGN_STYLE = Automatic;
				DEVELOPMENT_TEAM = K786J9H4DE;
				INFOPLIST_FILE = RewardTrackerUITests/Info.plist;
				LD_RUNPATH_SEARCH_PATHS = (
					"$(inherited)",
					"@executable_path/Frameworks",
					"@loader_path/Frameworks",
				);
				PRODUCT_BUNDLE_IDENTIFIER = com.bass.RewardTrackerUITests;
				PRODUCT_NAME = "$(TARGET_NAME)";
				SWIFT_VERSION = 5.0;
				TARGETED_DEVICE_FAMILY = "1,2";
				TEST_TARGET_NAME = RewardTracker;
			};
			name = Debug;
		};
		4ADE3C30265EAE77002E5E4C /* Release */ = {
			isa = XCBuildConfiguration;
			baseConfigurationReference = 0C8F978B3CD696EED8B53CF5 /* Pods-RewardTracker-RewardTrackerUITests.release.xcconfig */;
			buildSettings = {
				ALWAYS_EMBED_SWIFT_STANDARD_LIBRARIES = YES;
				CODE_SIGN_STYLE = Automatic;
				DEVELOPMENT_TEAM = K786J9H4DE;
				INFOPLIST_FILE = RewardTrackerUITests/Info.plist;
				LD_RUNPATH_SEARCH_PATHS = (
					"$(inherited)",
					"@executable_path/Frameworks",
					"@loader_path/Frameworks",
				);
				PRODUCT_BUNDLE_IDENTIFIER = com.bass.RewardTrackerUITests;
				PRODUCT_NAME = "$(TARGET_NAME)";
				SWIFT_VERSION = 5.0;
				TARGETED_DEVICE_FAMILY = "1,2";
				TEST_TARGET_NAME = RewardTracker;
			};
			name = Release;
		};
/* End XCBuildConfiguration section */

/* Begin XCConfigurationList section */
		4ADE3BF9265EAE76002E5E4C /* Build configuration list for PBXProject "RewardTracker" */ = {
			isa = XCConfigurationList;
			buildConfigurations = (
				4ADE3C26265EAE77002E5E4C /* Debug */,
				4ADE3C27265EAE77002E5E4C /* Release */,
			);
			defaultConfigurationIsVisible = 0;
			defaultConfigurationName = Release;
		};
		4ADE3C28265EAE77002E5E4C /* Build configuration list for PBXNativeTarget "RewardTracker" */ = {
			isa = XCConfigurationList;
			buildConfigurations = (
				4ADE3C29265EAE77002E5E4C /* Debug */,
				4ADE3C2A265EAE77002E5E4C /* Release */,
			);
			defaultConfigurationIsVisible = 0;
			defaultConfigurationName = Release;
		};
		4ADE3C2B265EAE77002E5E4C /* Build configuration list for PBXNativeTarget "RewardTrackerTests" */ = {
			isa = XCConfigurationList;
			buildConfigurations = (
				4ADE3C2C265EAE77002E5E4C /* Debug */,
				4ADE3C2D265EAE77002E5E4C /* Release */,
			);
			defaultConfigurationIsVisible = 0;
			defaultConfigurationName = Release;
		};
		4ADE3C2E265EAE77002E5E4C /* Build configuration list for PBXNativeTarget "RewardTrackerUITests" */ = {
			isa = XCConfigurationList;
			buildConfigurations = (
				4ADE3C2F265EAE77002E5E4C /* Debug */,
				4ADE3C30265EAE77002E5E4C /* Release */,
			);
			defaultConfigurationIsVisible = 0;
			defaultConfigurationName = Release;
		};
/* End XCConfigurationList section */
	};
	rootObject = 4ADE3BF6265EAE76002E5E4C /* Project object */;
}
